
Microsoft Visual Studio Solution File, Format Version 12.00
# Visual Studio 15
VisualStudioVersion = 15.0.28010.2003
MinimumVisualStudioVersion = 10.0.40219.1
Project("{E24C65DC-7377-472B-9ABA-BC803B73C61A}") = "NexusSkeleton", "NexusSkeleton\", "{7732B4E4-8A23-4AF4-BBAD-318D09F04BBA}"
	ProjectSection(WebsiteProperties) = preProject
		TargetFrameworkMoniker = ".NETFramework,Version%3Dv4.6"
		Debug.AspNetCompiler.VirtualPath = "/localhost_60461"
		Debug.AspNetCompiler.PhysicalPath = "NexusSkeleton\"
		Debug.AspNetCompiler.TargetPath = "PrecompiledWeb\localhost_60461\"
		Debug.AspNetCompiler.Updateable = "true"
		Debug.AspNetCompiler.ForceOverwrite = "true"
		Debug.AspNetCompiler.FixedNames = "false"
		Debug.AspNetCompiler.Debug = "True"
		Release.AspNetCompiler.VirtualPath = "/localhost_60461"
		Release.AspNetCompiler.PhysicalPath = "NexusSkeleton\"
		Release.AspNetCompiler.TargetPath = "PrecompiledWeb\localhost_60461\"
		Release.AspNetCompiler.Updateable = "true"
		Release.AspNetCompiler.ForceOverwrite = "true"
		Release.AspNetCompiler.FixedNames = "false"
		Release.AspNetCompiler.Debug = "False"
		VWDPort = "60461"
		DefaultWebSiteLanguage = "Visual C#"
	EndProjectSection
EndProject
Global
	GlobalSection(SolutionConfigurationPlatforms) = preSolution
		Debug|Any CPU = Debug|Any CPU
	EndGlobalSection
	GlobalSection(ProjectConfigurationPlatforms) = postSolution
		{7732B4E4-8A23-4AF4-BBAD-318D09F04BBA}.Debug|Any CPU.ActiveCfg = Debug|Any CPU
		{7732B4E4-8A23-4AF4-BBAD-318D09F04BBA}.Debug|Any CPU.Build.0 = Debug|Any CPU
	EndGlobalSection
	GlobalSection(SolutionProperties) = preSolution
		HideSolutionNode = FALSE
	EndGlobalSection
	GlobalSection(ExtensibilityGlobals) = postSolution
		SolutionGuid = {4E845835-62A6-4B19-A7F5-236D9F3F0A86}
	EndGlobalSection
EndGlobal
